
Microsoft Visual Studio Solution File, Format Version 12.00
# Visual Studio 15
Project("{FAE04EC0-301F-11D3-BF4B-00C04F79EFBC}") = "UnityEngine.UI", "UnityEngine.UI.csproj", "{222969A2-80E8-9205-5BE8-136AC932F77B}"
EndProject
Project("{FAE04EC0-301F-11D3-BF4B-00C04F79EFBC}") = "UnityEngine.TestRunner", "UnityEngine.TestRunner.csproj", "{90B91E0F-363E-A418-FD08-C34275A01F87}"
EndProject
Project("{FAE04EC0-301F-11D3-BF4B-00C04F79EFBC}") = "UnityEngine.XR.LegacyInputHelpers", "UnityEngine.XR.LegacyInputHelpers.csproj", "{138487C6-54E2-196A-10ED-5DD7693BF30E}"
EndProject
Project("{FAE04EC0-301F-11D3-BF4B-00C04F79EFBC}") = "Unity.Timeline", "Unity.Timeline.csproj", "{CEBE37C2-F7E3-14FF-682E-949716C468D2}"
EndProject
Project("{FAE04EC0-301F-11D3-BF4B-00C04F79EFBC}") = "UnityEngine.Purchasing.WinRTCore", "UnityEngine.Purchasing.WinRTCore.csproj", "{436AD479-9BD1-70B9-CE4F-C2354F8B2548}"
EndProject
Project("{FAE04EC0-301F-11D3-BF4B-00C04F79EFBC}") = "UnityEngine.Monetization", "UnityEngine.Monetization.csproj", "{8ACB678F-235D-ADE5-C5C9-38FAB6765008}"
EndProject
Project("{FAE04EC0-301F-11D3-BF4B-00C04F79EFBC}") = "UnityEngine.Purchasing.SecurityCore", "UnityEngine.Purchasing.SecurityCore.csproj", "{CAAD2AE9-EA76-E016-317C-985737B18FF9}"
EndProject
Project("{FAE04EC0-301F-11D3-BF4B-00C04F79EFBC}") = "Unity.TextMeshPro", "Unity.TextMeshPro.csproj", "{5769283F-F7C2-18C3-848F-F0272A24A719}"
EndProject
Project("{FAE04EC0-301F-11D3-BF4B-00C04F79EFBC}") = "UnityEngine.Purchasing", "UnityEngine.Purchasing.csproj", "{E2D6D030-6F41-41E3-D2C9-97FD10EB0326}"
EndProject
Project("{FAE04EC0-301F-11D3-BF4B-00C04F79EFBC}") = "UnityEngine.Purchasing.AppleCore", "UnityEngine.Purchasing.AppleCore.csproj", "{E906F93C-2622-57F7-BF2D-EEE31C3D7A05}"
EndProject
Project("{FAE04EC0-301F-11D3-BF4B-00C04F79EFBC}") = "UnityEngine.Purchasing.Stores", "UnityEngine.Purchasing.Stores.csproj", "{2FE76586-238C-AA79-9868-A36A17A834CC}"
EndProject
Project("{FAE04EC0-301F-11D3-BF4B-00C04F79EFBC}") = "UnityEngine.Advertisements", "UnityEngine.Advertisements.csproj", "{AE6A09E2-ED2E-3242-90FC-31C5B4413BA5}"
EndProject
Project("{FAE04EC0-301F-11D3-BF4B-00C04F79EFBC}") = "UnityEngine.Purchasing.SecurityStub", "UnityEngine.Purchasing.SecurityStub.csproj", "{E7730B98-2F04-5E56-0A75-A7565525159D}"
EndProject
Project("{FAE04EC0-301F-11D3-BF4B-00C04F79EFBC}") = "Purchasing.Common", "Purchasing.Common.csproj", "{ED76AC3A-8FC5-12FD-E89E-39F7F7EF97A1}"
EndProject
Project("{FAE04EC0-301F-11D3-BF4B-00C04F79EFBC}") = "UnityEngine.Purchasing.Codeless", "UnityEngine.Purchasing.Codeless.csproj", "{F54D120F-0C95-834A-FBF3-693ABFE85E6B}"
EndProject
Project("{FAE04EC0-301F-11D3-BF4B-00C04F79EFBC}") = "UnityEngine.Purchasing.WinRTStub", "UnityEngine.Purchasing.WinRTStub.csproj", "{6FA17105-E51C-A1BF-DFBD-BB20E3CFBD9F}"
EndProject
Project("{FAE04EC0-301F-11D3-BF4B-00C04F79EFBC}") = "UnityEngine.Purchasing.AppleStub", "UnityEngine.Purchasing.AppleStub.csproj", "{1CD02290-209F-66AC-7599-9F418DC66866}"
EndProject
Project("{FAE04EC0-301F-11D3-BF4B-00C04F79EFBC}") = "UnityEngine.Purchasing.AppleMacosStub", "UnityEngine.Purchasing.AppleMacosStub.csproj", "{B3CBC658-2CE9-CADB-2681-7E97C9F691F0}"
EndProject
Project("{FAE04EC0-301F-11D3-BF4B-00C04F79EFBC}") = "UnityEngine.SpatialTracking", "UnityEngine.SpatialTracking.csproj", "{128D0FE6-2325-5018-3028-610E9DA38D5D}"
EndProject
Project("{FAE04EC0-301F-11D3-BF4B-00C04F79EFBC}") = "Unity.Analytics.DataPrivacy", "Unity.Analytics.DataPrivacy.csproj", "{5348CEAB-8F4F-98CC-2596-094F5363488F}"
EndProject
Project("{FAE04EC0-301F-11D3-BF4B-00C04F79EFBC}") = "Assembly-CSharp", "Assembly-CSharp.csproj", "{5DC726FE-8523-4DAD-3A44-16F3BAD7EB67}"
EndProject
Project("{FAE04EC0-301F-11D3-BF4B-00C04F79EFBC}") = "UnityEditor.TestRunner", "UnityEditor.TestRunner.csproj", "{C68C7482-2E8B-EEF3-6F86-715EA681DD99}"
EndProject
Project("{FAE04EC0-301F-11D3-BF4B-00C04F79EFBC}") = "Unity.PlasticSCM.Editor", "Unity.PlasticSCM.Editor.csproj", "{5F81D38A-3D65-19B7-3CAE-6B86EF318AF1}"
EndProject
Project("{FAE04EC0-301F-11D3-BF4B-00C04F79EFBC}") = "UnityEditor.UI", "UnityEditor.UI.csproj", "{B27B250D-E404-A7CB-A031-B506F2BE5A68}"
EndProject
Project("{FAE04EC0-301F-11D3-BF4B-00C04F79EFBC}") = "Unity.Services.Core.Editor", "Unity.Services.Core.Editor.csproj", "{5A9B622E-768C-4393-5E81-59595281CCC9}"
EndProject
Project("{FAE04EC0-301F-11D3-BF4B-00C04F79EFBC}") = "Unity.Timeline.Editor", "Unity.Timeline.Editor.csproj", "{4544226B-B489-53CC-4E5F-D0834F63E462}"
EndProject
Project("{FAE04EC0-301F-11D3-BF4B-00C04F79EFBC}") = "Unity.VisualStudio.Editor", "Unity.VisualStudio.Editor.csproj", "{A7ADC3DF-F5E0-E4E9-BBB4-D6534715BAD9}"
EndProject
Project("{FAE04EC0-301F-11D3-BF4B-00C04F79EFBC}") = "UnityEngine.Advertisements.Editor", "UnityEngine.Advertisements.Editor.csproj", "{1AB7DEAF-C210-4D58-455C-21D39DD85EFD}"
EndProject
Project("{FAE04EC0-301F-11D3-BF4B-00C04F79EFBC}") = "Unity.TextMeshPro.Editor", "Unity.TextMeshPro.Editor.csproj", "{0616D0F9-E906-52AD-C62E-A62DC1FDB616}"
EndProject
Project("{FAE04EC0-301F-11D3-BF4B-00C04F79EFBC}") = "Unity.CollabProxy.Editor", "Unity.CollabProxy.Editor.csproj", "{9E20F67A-8CA6-206F-AF34-2A5CE8A81B15}"
EndProject
Project("{FAE04EC0-301F-11D3-BF4B-00C04F79EFBC}") = "UnityEditor.Purchasing", "UnityEditor.Purchasing.csproj", "{656EAD10-DAB8-E39A-6033-5EFA08ECC23E}"
EndProject
Project("{FAE04EC0-301F-11D3-BF4B-00C04F79EFBC}") = "Unity.Rider.Editor", "Unity.Rider.Editor.csproj", "{969B3E2B-6740-9243-5DCD-CAC8F3B4033C}"
EndProject
Project("{FAE04EC0-301F-11D3-BF4B-00C04F79EFBC}") = "UnityEngine.Advertisements.DevX.Editor", "UnityEngine.Advertisements.DevX.Editor.csproj", "{D797F46A-F5DC-59BE-C45C-EE943688C183}"
EndProject
Project("{FAE04EC0-301F-11D3-BF4B-00C04F79EFBC}") = "UnityEditor.XR.LegacyInputHelpers", "UnityEditor.XR.LegacyInputHelpers.csproj", "{C4F95E69-1665-66CB-5B7D-AA05DD50E49C}"
EndProject
Project("{FAE04EC0-301F-11D3-BF4B-00C04F79EFBC}") = "Unity.2D.Sprite.Editor", "Unity.2D.Sprite.Editor.csproj", "{C37DE7E5-4B10-A4D4-AEFA-57A8D1FC7804}"
EndProject
Project("{FAE04EC0-301F-11D3-BF4B-00C04F79EFBC}") = "Unity.2D.Tilemap.Editor", "Unity.2D.Tilemap.Editor.csproj", "{1D802F1A-1C80-5B91-87FD-1C27E175EF5B}"
EndProject
Project("{FAE04EC0-301F-11D3-BF4B-00C04F79EFBC}") = "Unity.VSCode.Editor", "Unity.VSCode.Editor.csproj", "{4614484E-A532-BEF9-BBED-801C7439C560}"
EndProject
Project("{FAE04EC0-301F-11D3-BF4B-00C04F79EFBC}") = "UnityEditor.SpatialTracking", "UnityEditor.SpatialTracking.csproj", "{E80B53CD-FEEF-105F-DAFE-3E24509B1C46}"
EndProject
Project("{FAE04EC0-301F-11D3-BF4B-00C04F79EFBC}") = "Analytics", "Analytics.csproj", "{8E5BC35F-9CAF-5AE6-CBBF-9015B3DB9DAE}"
EndProject
Project("{FAE04EC0-301F-11D3-BF4B-00C04F79EFBC}") = "UnityEngine.UI", "UnityEngine.UI.Player.csproj", "{BDBCAA13-491F-DADA-EB3A-CE9B366A051A}"
EndProject
Project("{FAE04EC0-301F-11D3-BF4B-00C04F79EFBC}") = "UnityEngine.TestRunner", "UnityEngine.TestRunner.Player.csproj", "{04CD16BE-3256-6CC5-421D-2E7AE63677F0}"
EndProject
Project("{FAE04EC0-301F-11D3-BF4B-00C04F79EFBC}") = "UnityEngine.XR.LegacyInputHelpers", "UnityEngine.XR.LegacyInputHelpers.Player.csproj", "{C868EA09-2B15-9909-4D6C-6412F26DA3D0}"
EndProject
Project("{FAE04EC0-301F-11D3-BF4B-00C04F79EFBC}") = "Unity.Timeline", "Unity.Timeline.Player.csproj", "{00BA4D78-C618-8CEB-95DA-16C9586C7609}"
EndProject
Project("{FAE04EC0-301F-11D3-BF4B-00C04F79EFBC}") = "UnityEngine.Purchasing.WinRTCore", "UnityEngine.Purchasing.WinRTCore.Player.csproj", "{0112CD23-97FB-BCCC-1463-4338DF2B57D2}"
EndProject
Project("{FAE04EC0-301F-11D3-BF4B-00C04F79EFBC}") = "UnityEngine.Monetization", "UnityEngine.Monetization.Player.csproj", "{8E56E8CE-B8A2-E80C-257D-74A44AC2AE26}"
EndProject
Project("{FAE04EC0-301F-11D3-BF4B-00C04F79EFBC}") = "UnityEngine.Purchasing.SecurityCore", "UnityEngine.Purchasing.SecurityCore.Player.csproj", "{0853A2C2-56F6-BBC4-1C98-F876D550FEDA}"
EndProject
Project("{FAE04EC0-301F-11D3-BF4B-00C04F79EFBC}") = "Unity.TextMeshPro", "Unity.TextMeshPro.Player.csproj", "{9EB1CB3A-C9D8-FDD8-91F1-678CA1AB497F}"
EndProject
Project("{FAE04EC0-301F-11D3-BF4B-00C04F79EFBC}") = "UnityEngine.Purchasing", "UnityEngine.Purchasing.Player.csproj", "{C05F16BF-F456-DB74-86E5-264174DC771D}"
EndProject
Project("{FAE04EC0-301F-11D3-BF4B-00C04F79EFBC}") = "UnityEngine.Purchasing.AppleCore", "UnityEngine.Purchasing.AppleCore.Player.csproj", "{B72DA1D2-DFEA-64F3-597C-A7D3CA3F9C51}"
EndProject
Project("{FAE04EC0-301F-11D3-BF4B-00C04F79EFBC}") = "UnityEngine.Purchasing.Stores", "UnityEngine.Purchasing.Stores.Player.csproj", "{2C2AB523-37CB-11E3-C368-8916E4072AFC}"
EndProject
Project("{FAE04EC0-301F-11D3-BF4B-00C04F79EFBC}") = "UnityEngine.Advertisements", "UnityEngine.Advertisements.Player.csproj", "{1FC36E68-02B0-F97A-BD07-BCD51DA9DA86}"
EndProject
Project("{FAE04EC0-301F-11D3-BF4B-00C04F79EFBC}") = "UnityEngine.Purchasing.SecurityStub", "UnityEngine.Purchasing.SecurityStub.Player.csproj", "{7F1C0585-C2EA-C5AC-D677-B1DFA08B9245}"
EndProject
Project("{FAE04EC0-301F-11D3-BF4B-00C04F79EFBC}") = "Purchasing.Common", "Purchasing.Common.Player.csproj", "{960CEC7B-3579-C31D-A1E8-A9DCB0245A18}"
EndProject
Project("{FAE04EC0-301F-11D3-BF4B-00C04F79EFBC}") = "UnityEngine.Purchasing.Codeless", "UnityEngine.Purchasing.Codeless.Player.csproj", "{C33ED3EF-7904-BF6C-FC5A-0AB08D848E4D}"
EndProject
Project("{FAE04EC0-301F-11D3-BF4B-00C04F79EFBC}") = "UnityEngine.Purchasing.WinRTStub", "UnityEngine.Purchasing.WinRTStub.Player.csproj", "{1FD772A0-358A-4F8E-33D3-74169A1430C0}"
EndProject
Project("{FAE04EC0-301F-11D3-BF4B-00C04F79EFBC}") = "UnityEngine.Purchasing.AppleStub", "UnityEngine.Purchasing.AppleStub.Player.csproj", "{5DF8996E-4C38-35F9-7296-D3FECCE0FD67}"
EndProject
Project("{FAE04EC0-301F-11D3-BF4B-00C04F79EFBC}") = "UnityEngine.Purchasing.AppleMacosStub", "UnityEngine.Purchasing.AppleMacosStub.Player.csproj", "{42215C43-FDC9-C1A9-E516-0FF2683E6CBD}"
EndProject
Project("{FAE04EC0-301F-11D3-BF4B-00C04F79EFBC}") = "UnityEngine.SpatialTracking", "UnityEngine.SpatialTracking.Player.csproj", "{C7579133-EFC9-822F-1A91-CD93F07193DF}"
EndProject
Project("{FAE04EC0-301F-11D3-BF4B-00C04F79EFBC}") = "Unity.Analytics.DataPrivacy", "Unity.Analytics.DataPrivacy.Player.csproj", "{E4B950C0-EB5B-41EA-EE8E-559F5D6F402D}"
EndProject
Project("{FAE04EC0-301F-11D3-BF4B-00C04F79EFBC}") = "Assembly-CSharp", "Assembly-CSharp.Player.csproj", "{E44E28C2-5D66-BB54-52D0-7AF2431DA951}"
EndProject
Global
	GlobalSection(SolutionConfigurationPlatforms) = preSolution
		Debug|Any CPU = Debug|Any CPU
		Release|Any CPU = Release|Any CPU
	EndGlobalSection
	GlobalSection(ProjectConfigurationPlatforms) = postSolution
		{222969A2-80E8-9205-5BE8-136AC932F77B}.Debug|Any CPU.ActiveCfg = Debug|Any CPU
		{222969A2-80E8-9205-5BE8-136AC932F77B}.Debug|Any CPU.Build.0 = Debug|Any CPU
		{222969A2-80E8-9205-5BE8-136AC932F77B}.Release|Any CPU.ActiveCfg = Release|Any CPU
		{222969A2-80E8-9205-5BE8-136AC932F77B}.Release|Any CPU.Build.0 = Release|Any CPU
		{90B91E0F-363E-A418-FD08-C34275A01F87}.Debug|Any CPU.ActiveCfg = Debug|Any CPU
		{90B91E0F-363E-A418-FD08-C34275A01F87}.Debug|Any CPU.Build.0 = Debug|Any CPU
		{90B91E0F-363E-A418-FD08-C34275A01F87}.Release|Any CPU.ActiveCfg = Release|Any CPU
		{90B91E0F-363E-A418-FD08-C34275A01F87}.Release|Any CPU.Build.0 = Release|Any CPU
		{138487C6-54E2-196A-10ED-5DD7693BF30E}.Debug|Any CPU.ActiveCfg = Debug|Any CPU
		{138487C6-54E2-196A-10ED-5DD7693BF30E}.Debug|Any CPU.Build.0 = Debug|Any CPU
		{138487C6-54E2-196A-10ED-5DD7693BF30E}.Release|Any CPU.ActiveCfg = Release|Any CPU
		{138487C6-54E2-196A-10ED-5DD7693BF30E}.Release|Any CPU.Build.0 = Release|Any CPU
		{CEBE37C2-F7E3-14FF-682E-949716C468D2}.Debug|Any CPU.ActiveCfg = Debug|Any CPU
		{CEBE37C2-F7E3-14FF-682E-949716C468D2}.Debug|Any CPU.Build.0 = Debug|Any CPU
		{CEBE37C2-F7E3-14FF-682E-949716C468D2}.Release|Any CPU.ActiveCfg = Release|Any CPU
		{CEBE37C2-F7E3-14FF-682E-949716C468D2}.Release|Any CPU.Build.0 = Release|Any CPU
		{436AD479-9BD1-70B9-CE4F-C2354F8B2548}.Debug|Any CPU.ActiveCfg = Debug|Any CPU
		{436AD479-9BD1-70B9-CE4F-C2354F8B2548}.Debug|Any CPU.Build.0 = Debug|Any CPU
		{436AD479-9BD1-70B9-CE4F-C2354F8B2548}.Release|Any CPU.ActiveCfg = Release|Any CPU
		{436AD479-9BD1-70B9-CE4F-C2354F8B2548}.Release|Any CPU.Build.0 = Release|Any CPU
		{8ACB678F-235D-ADE5-C5C9-38FAB6765008}.Debug|Any CPU.ActiveCfg = Debug|Any CPU
		{8ACB678F-235D-ADE5-C5C9-38FAB6765008}.Debug|Any CPU.Build.0 = Debug|Any CPU
		{8ACB678F-235D-ADE5-C5C9-38FAB6765008}.Release|Any CPU.ActiveCfg = Release|Any CPU
		{8ACB678F-235D-ADE5-C5C9-38FAB6765008}.Release|Any CPU.Build.0 = Release|Any CPU
		{CAAD2AE9-EA76-E016-317C-985737B18FF9}.Debug|Any CPU.ActiveCfg = Debug|Any CPU
		{CAAD2AE9-EA76-E016-317C-985737B18FF9}.Debug|Any CPU.Build.0 = Debug|Any CPU
		{CAAD2AE9-EA76-E016-317C-985737B18FF9}.Release|Any CPU.ActiveCfg = Release|Any CPU
		{CAAD2AE9-EA76-E016-317C-985737B18FF9}.Release|Any CPU.Build.0 = Release|Any CPU
		{5769283F-F7C2-18C3-848F-F0272A24A719}.Debug|Any CPU.ActiveCfg = Debug|Any CPU
		{5769283F-F7C2-18C3-848F-F0272A24A719}.Debug|Any CPU.Build.0 = Debug|Any CPU
		{5769283F-F7C2-18C3-848F-F0272A24A719}.Release|Any CPU.ActiveCfg = Release|Any CPU
		{5769283F-F7C2-18C3-848F-F0272A24A719}.Release|Any CPU.Build.0 = Release|Any CPU
		{E2D6D030-6F41-41E3-D2C9-97FD10EB0326}.Debug|Any CPU.ActiveCfg = Debug|Any CPU
		{E2D6D030-6F41-41E3-D2C9-97FD10EB0326}.Debug|Any CPU.Build.0 = Debug|Any CPU
		{E2D6D030-6F41-41E3-D2C9-97FD10EB0326}.Release|Any CPU.ActiveCfg = Release|Any CPU
		{E2D6D030-6F41-41E3-D2C9-97FD10EB0326}.Release|Any CPU.Build.0 = Release|Any CPU
		{E906F93C-2622-57F7-BF2D-EEE31C3D7A05}.Debug|Any CPU.ActiveCfg = Debug|Any CPU
		{E906F93C-2622-57F7-BF2D-EEE31C3D7A05}.Debug|Any CPU.Build.0 = Debug|Any CPU
		{E906F93C-2622-57F7-BF2D-EEE31C3D7A05}.Release|Any CPU.ActiveCfg = Release|Any CPU
		{E906F93C-2622-57F7-BF2D-EEE31C3D7A05}.Release|Any CPU.Build.0 = Release|Any CPU
		{2FE76586-238C-AA79-9868-A36A17A834CC}.Debug|Any CPU.ActiveCfg = Debug|Any CPU
		{2FE76586-238C-AA79-9868-A36A17A834CC}.Debug|Any CPU.Build.0 = Debug|Any CPU
		{2FE76586-238C-AA79-9868-A36A17A834CC}.Release|Any CPU.ActiveCfg = Release|Any CPU
		{2FE76586-238C-AA79-9868-A36A17A834CC}.Release|Any CPU.Build.0 = Release|Any CPU
		{AE6A09E2-ED2E-3242-90FC-31C5B4413BA5}.Debug|Any CPU.ActiveCfg = Debug|Any CPU
		{AE6A09E2-ED2E-3242-90FC-31C5B4413BA5}.Debug|Any CPU.Build.0 = Debug|Any CPU
		{AE6A09E2-ED2E-3242-90FC-31C5B4413BA5}.Release|Any CPU.ActiveCfg = Release|Any CPU
		{AE6A09E2-ED2E-3242-90FC-31C5B4413BA5}.Release|Any CPU.Build.0 = Release|Any CPU
		{E7730B98-2F04-5E56-0A75-A7565525159D}.Debug|Any CPU.ActiveCfg = Debug|Any CPU
		{E7730B98-2F04-5E56-0A75-A7565525159D}.Debug|Any CPU.Build.0 = Debug|Any CPU
		{E7730B98-2F04-5E56-0A75-A7565525159D}.Release|Any CPU.ActiveCfg = Release|Any CPU
		{E7730B98-2F04-5E56-0A75-A7565525159D}.Release|Any CPU.Build.0 = Release|Any CPU
		{ED76AC3A-8FC5-12FD-E89E-39F7F7EF97A1}.Debug|Any CPU.ActiveCfg = Debug|Any CPU
		{ED76AC3A-8FC5-12FD-E89E-39F7F7EF97A1}.Debug|Any CPU.Build.0 = Debug|Any CPU
		{ED76AC3A-8FC5-12FD-E89E-39F7F7EF97A1}.Release|Any CPU.ActiveCfg = Release|Any CPU
		{ED76AC3A-8FC5-12FD-E89E-39F7F7EF97A1}.Release|Any CPU.Build.0 = Release|Any CPU
		{F54D120F-0C95-834A-FBF3-693ABFE85E6B}.Debug|Any CPU.ActiveCfg = Debug|Any CPU
		{F54D120F-0C95-834A-FBF3-693ABFE85E6B}.Debug|Any CPU.Build.0 = Debug|Any CPU
		{F54D120F-0C95-834A-FBF3-693ABFE85E6B}.Release|Any CPU.ActiveCfg = Release|Any CPU
		{F54D120F-0C95-834A-FBF3-693ABFE85E6B}.Release|Any CPU.Build.0 = Release|Any CPU
		{6FA17105-E51C-A1BF-DFBD-BB20E3CFBD9F}.Debug|Any CPU.ActiveCfg = Debug|Any CPU
		{6FA17105-E51C-A1BF-DFBD-BB20E3CFBD9F}.Debug|Any CPU.Build.0 = Debug|Any CPU
		{6FA17105-E51C-A1BF-DFBD-BB20E3CFBD9F}.Release|Any CPU.ActiveCfg = Release|Any CPU
		{6FA17105-E51C-A1BF-DFBD-BB20E3CFBD9F}.Release|Any CPU.Build.0 = Release|Any CPU
		{1CD02290-209F-66AC-7599-9F418DC66866}.Debug|Any CPU.ActiveCfg = Debug|Any CPU
		{1CD02290-209F-66AC-7599-9F418DC66866}.Debug|Any CPU.Build.0 = Debug|Any CPU
		{1CD02290-209F-66AC-7599-9F418DC66866}.Release|Any CPU.ActiveCfg = Release|Any CPU
		{1CD02290-209F-66AC-7599-9F418DC66866}.Release|Any CPU.Build.0 = Release|Any CPU
		{B3CBC658-2CE9-CADB-2681-7E97C9F691F0}.Debug|Any CPU.ActiveCfg = Debug|Any CPU
		{B3CBC658-2CE9-CADB-2681-7E97C9F691F0}.Debug|Any CPU.Build.0 = Debug|Any CPU
		{B3CBC658-2CE9-CADB-2681-7E97C9F691F0}.Release|Any CPU.ActiveCfg = Release|Any CPU
		{B3CBC658-2CE9-CADB-2681-7E97C9F691F0}.Release|Any CPU.Build.0 = Release|Any CPU
		{128D0FE6-2325-5018-3028-610E9DA38D5D}.Debug|Any CPU.ActiveCfg = Debug|Any CPU
		{128D0FE6-2325-5018-3028-610E9DA38D5D}.Debug|Any CPU.Build.0 = Debug|Any CPU
		{128D0FE6-2325-5018-3028-610E9DA38D5D}.Release|Any CPU.ActiveCfg = Release|Any CPU
		{128D0FE6-2325-5018-3028-610E9DA38D5D}.Release|Any CPU.Build.0 = Release|Any CPU
		{5348CEAB-8F4F-98CC-2596-094F5363488F}.Debug|Any CPU.ActiveCfg = Debug|Any CPU
		{5348CEAB-8F4F-98CC-2596-094F5363488F}.Debug|Any CPU.Build.0 = Debug|Any CPU
		{5348CEAB-8F4F-98CC-2596-094F5363488F}.Release|Any CPU.ActiveCfg = Release|Any CPU
		{5348CEAB-8F4F-98CC-2596-094F5363488F}.Release|Any CPU.Build.0 = Release|Any CPU
		{5DC726FE-8523-4DAD-3A44-16F3BAD7EB67}.Debug|Any CPU.ActiveCfg = Debug|Any CPU
		{5DC726FE-8523-4DAD-3A44-16F3BAD7EB67}.Debug|Any CPU.Build.0 = Debug|Any CPU
		{5DC726FE-8523-4DAD-3A44-16F3BAD7EB67}.Release|Any CPU.ActiveCfg = Release|Any CPU
		{5DC726FE-8523-4DAD-3A44-16F3BAD7EB67}.Release|Any CPU.Build.0 = Release|Any CPU
		{C68C7482-2E8B-EEF3-6F86-715EA681DD99}.Debug|Any CPU.ActiveCfg = Debug|Any CPU
		{C68C7482-2E8B-EEF3-6F86-715EA681DD99}.Debug|Any CPU.Build.0 = Debug|Any CPU
		{C68C7482-2E8B-EEF3-6F86-715EA681DD99}.Release|Any CPU.ActiveCfg = Release|Any CPU
		{C68C7482-2E8B-EEF3-6F86-715EA681DD99}.Release|Any CPU.Build.0 = Release|Any CPU
		{5F81D38A-3D65-19B7-3CAE-6B86EF318AF1}.Debug|Any CPU.ActiveCfg = Debug|Any CPU
		{5F81D38A-3D65-19B7-3CAE-6B86EF318AF1}.Debug|Any CPU.Build.0 = Debug|Any CPU
		{5F81D38A-3D65-19B7-3CAE-6B86EF318AF1}.Release|Any CPU.ActiveCfg = Release|Any CPU
		{5F81D38A-3D65-19B7-3CAE-6B86EF318AF1}.Release|Any CPU.Build.0 = Release|Any CPU
		{B27B250D-E404-A7CB-A031-B506F2BE5A68}.Debug|Any CPU.ActiveCfg = Debug|Any CPU
		{B27B250D-E404-A7CB-A031-B506F2BE5A68}.Debug|Any CPU.Build.0 = Debug|Any CPU
		{B27B250D-E404-A7CB-A031-B506F2BE5A68}.Release|Any CPU.ActiveCfg = Release|Any CPU
		{B27B250D-E404-A7CB-A031-B506F2BE5A68}.Release|Any CPU.Build.0 = Release|Any CPU
		{5A9B622E-768C-4393-5E81-59595281CCC9}.Debug|Any CPU.ActiveCfg = Debug|Any CPU
		{5A9B622E-768C-4393-5E81-59595281CCC9}.Debug|Any CPU.Build.0 = Debug|Any CPU
		{5A9B622E-768C-4393-5E81-59595281CCC9}.Release|Any CPU.ActiveCfg = Release|Any CPU
		{5A9B622E-768C-4393-5E81-59595281CCC9}.Release|Any CPU.Build.0 = Release|Any CPU
		{4544226B-B489-53CC-4E5F-D0834F63E462}.Debug|Any CPU.ActiveCfg = Debug|Any CPU
		{4544226B-B489-53CC-4E5F-D0834F63E462}.Debug|Any CPU.Build.0 = Debug|Any CPU
		{4544226B-B489-53CC-4E5F-D0834F63E462}.Release|Any CPU.ActiveCfg = Release|Any CPU
		{4544226B-B489-53CC-4E5F-D0834F63E462}.Release|Any CPU.Build.0 = Release|Any CPU
		{A7ADC3DF-F5E0-E4E9-BBB4-D6534715BAD9}.Debug|Any CPU.ActiveCfg = Debug|Any CPU
		{A7ADC3DF-F5E0-E4E9-BBB4-D6534715BAD9}.Debug|Any CPU.Build.0 = Debug|Any CPU
		{A7ADC3DF-F5E0-E4E9-BBB4-D6534715BAD9}.Release|Any CPU.ActiveCfg = Release|Any CPU
		{A7ADC3DF-F5E0-E4E9-BBB4-D6534715BAD9}.Release|Any CPU.Build.0 = Release|Any CPU
		{1AB7DEAF-C210-4D58-455C-21D39DD85EFD}.Debug|Any CPU.ActiveCfg = Debug|Any CPU
		{1AB7DEAF-C210-4D58-455C-21D39DD85EFD}.Debug|Any CPU.Build.0 = Debug|Any CPU
		{1AB7DEAF-C210-4D58-455C-21D39DD85EFD}.Release|Any CPU.ActiveCfg = Release|Any CPU
		{1AB7DEAF-C210-4D58-455C-21D39DD85EFD}.Release|Any CPU.Build.0 = Release|Any CPU
		{0616D0F9-E906-52AD-C62E-A62DC1FDB616}.Debug|Any CPU.ActiveCfg = Debug|Any CPU
		{0616D0F9-E906-52AD-C62E-A62DC1FDB616}.Debug|Any CPU.Build.0 = Debug|Any CPU
		{0616D0F9-E906-52AD-C62E-A62DC1FDB616}.Release|Any CPU.ActiveCfg = Release|Any CPU
		{0616D0F9-E906-52AD-C62E-A62DC1FDB616}.Release|Any CPU.Build.0 = Release|Any CPU
		{9E20F67A-8CA6-206F-AF34-2A5CE8A81B15}.Debug|Any CPU.ActiveCfg = Debug|Any CPU
		{9E20F67A-8CA6-206F-AF34-2A5CE8A81B15}.Debug|Any CPU.Build.0 = Debug|Any CPU
		{9E20F67A-8CA6-206F-AF34-2A5CE8A81B15}.Release|Any CPU.ActiveCfg = Release|Any CPU
		{9E20F67A-8CA6-206F-AF34-2A5CE8A81B15}.Release|Any CPU.Build.0 = Release|Any CPU
		{656EAD10-DAB8-E39A-6033-5EFA08ECC23E}.Debug|Any CPU.ActiveCfg = Debug|Any CPU
		{656EAD10-DAB8-E39A-6033-5EFA08ECC23E}.Debug|Any CPU.Build.0 = Debug|Any CPU
		{656EAD10-DAB8-E39A-6033-5EFA08ECC23E}.Release|Any CPU.ActiveCfg = Release|Any CPU
		{656EAD10-DAB8-E39A-6033-5EFA08ECC23E}.Release|Any CPU.Build.0 = Release|Any CPU
		{969B3E2B-6740-9243-5DCD-CAC8F3B4033C}.Debug|Any CPU.ActiveCfg = Debug|Any CPU
		{969B3E2B-6740-9243-5DCD-CAC8F3B4033C}.Debug|Any CPU.Build.0 = Debug|Any CPU
		{969B3E2B-6740-9243-5DCD-CAC8F3B4033C}.Release|Any CPU.ActiveCfg = Release|Any CPU
		{969B3E2B-6740-9243-5DCD-CAC8F3B4033C}.Release|Any CPU.Build.0 = Release|Any CPU
		{D797F46A-F5DC-59BE-C45C-EE943688C183}.Debug|Any CPU.ActiveCfg = Debug|Any CPU
		{D797F46A-F5DC-59BE-C45C-EE943688C183}.Debug|Any CPU.Build.0 = Debug|Any CPU
		{D797F46A-F5DC-59BE-C45C-EE943688C183}.Release|Any CPU.ActiveCfg = Release|Any CPU
		{D797F46A-F5DC-59BE-C45C-EE943688C183}.Release|Any CPU.Build.0 = Release|Any CPU
		{C4F95E69-1665-66CB-5B7D-AA05DD50E49C}.Debug|Any CPU.ActiveCfg = Debug|Any CPU
		{C4F95E69-1665-66CB-5B7D-AA05DD50E49C}.Debug|Any CPU.Build.0 = Debug|Any CPU
		{C4F95E69-1665-66CB-5B7D-AA05DD50E49C}.Release|Any CPU.ActiveCfg = Release|Any CPU
		{C4F95E69-1665-66CB-5B7D-AA05DD50E49C}.Release|Any CPU.Build.0 = Release|Any CPU
		{C37DE7E5-4B10-A4D4-AEFA-57A8D1FC7804}.Debug|Any CPU.ActiveCfg = Debug|Any CPU
		{C37DE7E5-4B10-A4D4-AEFA-57A8D1FC7804}.Debug|Any CPU.Build.0 = Debug|Any CPU
		{C37DE7E5-4B10-A4D4-AEFA-57A8D1FC7804}.Release|Any CPU.ActiveCfg = Release|Any CPU
		{C37DE7E5-4B10-A4D4-AEFA-57A8D1FC7804}.Release|Any CPU.Build.0 = Release|Any CPU
		{1D802F1A-1C80-5B91-87FD-1C27E175EF5B}.Debug|Any CPU.ActiveCfg = Debug|Any CPU
		{1D802F1A-1C80-5B91-87FD-1C27E175EF5B}.Debug|Any CPU.Build.0 = Debug|Any CPU
		{1D802F1A-1C80-5B91-87FD-1C27E175EF5B}.Release|Any CPU.ActiveCfg = Release|Any CPU
		{1D802F1A-1C80-5B91-87FD-1C27E175EF5B}.Release|Any CPU.Build.0 = Release|Any CPU
		{4614484E-A532-BEF9-BBED-801C7439C560}.Debug|Any CPU.ActiveCfg = Debug|Any CPU
		{4614484E-A532-BEF9-BBED-801C7439C560}.Debug|Any CPU.Build.0 = Debug|Any CPU
		{4614484E-A532-BEF9-BBED-801C7439C560}.Release|Any CPU.ActiveCfg = Release|Any CPU
		{4614484E-A532-BEF9-BBED-801C7439C560}.Release|Any CPU.Build.0 = Release|Any CPU
		{E80B53CD-FEEF-105F-DAFE-3E24509B1C46}.Debug|Any CPU.ActiveCfg = Debug|Any CPU
		{E80B53CD-FEEF-105F-DAFE-3E24509B1C46}.Debug|Any CPU.Build.0 = Debug|Any CPU
		{E80B53CD-FEEF-105F-DAFE-3E24509B1C46}.Release|Any CPU.ActiveCfg = Release|Any CPU
		{E80B53CD-FEEF-105F-DAFE-3E24509B1C46}.Release|Any CPU.Build.0 = Release|Any CPU
		{8E5BC35F-9CAF-5AE6-CBBF-9015B3DB9DAE}.Debug|Any CPU.ActiveCfg = Debug|Any CPU
		{8E5BC35F-9CAF-5AE6-CBBF-9015B3DB9DAE}.Debug|Any CPU.Build.0 = Debug|Any CPU
		{8E5BC35F-9CAF-5AE6-CBBF-9015B3DB9DAE}.Release|Any CPU.ActiveCfg = Release|Any CPU
		{8E5BC35F-9CAF-5AE6-CBBF-9015B3DB9DAE}.Release|Any CPU.Build.0 = Release|Any CPU
		{BDBCAA13-491F-DADA-EB3A-CE9B366A051A}.Debug|Any CPU.ActiveCfg = Debug|Any CPU
		{BDBCAA13-491F-DADA-EB3A-CE9B366A051A}.Debug|Any CPU.Build.0 = Debug|Any CPU
		{BDBCAA13-491F-DADA-EB3A-CE9B366A051A}.Release|Any CPU.ActiveCfg = Release|Any CPU
		{BDBCAA13-491F-DADA-EB3A-CE9B366A051A}.Release|Any CPU.Build.0 = Release|Any CPU
		{04CD16BE-3256-6CC5-421D-2E7AE63677F0}.Debug|Any CPU.ActiveCfg = Debug|Any CPU
		{04CD16BE-3256-6CC5-421D-2E7AE63677F0}.Debug|Any CPU.Build.0 = Debug|Any CPU
		{04CD16BE-3256-6CC5-421D-2E7AE63677F0}.Release|Any CPU.ActiveCfg = Release|Any CPU
		{04CD16BE-3256-6CC5-421D-2E7AE63677F0}.Release|Any CPU.Build.0 = Release|Any CPU
		{C868EA09-2B15-9909-4D6C-6412F26DA3D0}.Debug|Any CPU.ActiveCfg = Debug|Any CPU
		{C868EA09-2B15-9909-4D6C-6412F26DA3D0}.Debug|Any CPU.Build.0 = Debug|Any CPU
		{C868EA09-2B15-9909-4D6C-6412F26DA3D0}.Release|Any CPU.ActiveCfg = Release|Any CPU
		{C868EA09-2B15-9909-4D6C-6412F26DA3D0}.Release|Any CPU.Build.0 = Release|Any CPU
		{00BA4D78-C618-8CEB-95DA-16C9586C7609}.Debug|Any CPU.ActiveCfg = Debug|Any CPU
		{00BA4D78-C618-8CEB-95DA-16C9586C7609}.Debug|Any CPU.Build.0 = Debug|Any CPU
		{00BA4D78-C618-8CEB-95DA-16C9586C7609}.Release|Any CPU.ActiveCfg = Release|Any CPU
		{00BA4D78-C618-8CEB-95DA-16C9586C7609}.Release|Any CPU.Build.0 = Release|Any CPU
		{0112CD23-97FB-BCCC-1463-4338DF2B57D2}.Debug|Any CPU.ActiveCfg = Debug|Any CPU
		{0112CD23-97FB-BCCC-1463-4338DF2B57D2}.Debug|Any CPU.Build.0 = Debug|Any CPU
		{0112CD23-97FB-BCCC-1463-4338DF2B57D2}.Release|Any CPU.ActiveCfg = Release|Any CPU
		{0112CD23-97FB-BCCC-1463-4338DF2B57D2}.Release|Any CPU.Build.0 = Release|Any CPU
		{8E56E8CE-B8A2-E80C-257D-74A44AC2AE26}.Debug|Any CPU.ActiveCfg = Debug|Any CPU
		{8E56E8CE-B8A2-E80C-257D-74A44AC2AE26}.Debug|Any CPU.Build.0 = Debug|Any CPU
		{8E56E8CE-B8A2-E80C-257D-74A44AC2AE26}.Release|Any CPU.ActiveCfg = Release|Any CPU
		{8E56E8CE-B8A2-E80C-257D-74A44AC2AE26}.Release|Any CPU.Build.0 = Release|Any CPU
		{0853A2C2-56F6-BBC4-1C98-F876D550FEDA}.Debug|Any CPU.ActiveCfg = Debug|Any CPU
		{0853A2C2-56F6-BBC4-1C98-F876D550FEDA}.Debug|Any CPU.Build.0 = Debug|Any CPU
		{0853A2C2-56F6-BBC4-1C98-F876D550FEDA}.Release|Any CPU.ActiveCfg = Release|Any CPU
		{0853A2C2-56F6-BBC4-1C98-F876D550FEDA}.Release|Any CPU.Build.0 = Release|Any CPU
		{9EB1CB3A-C9D8-FDD8-91F1-678CA1AB497F}.Debug|Any CPU.ActiveCfg = Debug|Any CPU
		{9EB1CB3A-C9D8-FDD8-91F1-678CA1AB497F}.Debug|Any CPU.Build.0 = Debug|Any CPU
		{9EB1CB3A-C9D8-FDD8-91F1-678CA1AB497F}.Release|Any CPU.ActiveCfg = Release|Any CPU
		{9EB1CB3A-C9D8-FDD8-91F1-678CA1AB497F}.Release|Any CPU.Build.0 = Release|Any CPU
		{C05F16BF-F456-DB74-86E5-264174DC771D}.Debug|Any CPU.ActiveCfg = Debug|Any CPU
		{C05F16BF-F456-DB74-86E5-264174DC771D}.Debug|Any CPU.Build.0 = Debug|Any CPU
		{C05F16BF-F456-DB74-86E5-264174DC771D}.Release|Any CPU.ActiveCfg = Release|Any CPU
		{C05F16BF-F456-DB74-86E5-264174DC771D}.Release|Any CPU.Build.0 = Release|Any CPU
		{B72DA1D2-DFEA-64F3-597C-A7D3CA3F9C51}.Debug|Any CPU.ActiveCfg = Debug|Any CPU
		{B72DA1D2-DFEA-64F3-597C-A7D3CA3F9C51}.Debug|Any CPU.Build.0 = Debug|Any CPU
		{B72DA1D2-DFEA-64F3-597C-A7D3CA3F9C51}.Release|Any CPU.ActiveCfg = Release|Any CPU
		{B72DA1D2-DFEA-64F3-597C-A7D3CA3F9C51}.Release|Any CPU.Build.0 = Release|Any CPU
		{2C2AB523-37CB-11E3-C368-8916E4072AFC}.Debug|Any CPU.ActiveCfg = Debug|Any CPU
		{2C2AB523-37CB-11E3-C368-8916E4072AFC}.Debug|Any CPU.Build.0 = Debug|Any CPU
		{2C2AB523-37CB-11E3-C368-8916E4072AFC}.Release|Any CPU.ActiveCfg = Release|Any CPU
		{2C2AB523-37CB-11E3-C368-8916E4072AFC}.Release|Any CPU.Build.0 = Release|Any CPU
		{1FC36E68-02B0-F97A-BD07-BCD51DA9DA86}.Debug|Any CPU.ActiveCfg = Debug|Any CPU
		{1FC36E68-02B0-F97A-BD07-BCD51DA9DA86}.Debug|Any CPU.Build.0 = Debug|Any CPU
		{1FC36E68-02B0-F97A-BD07-BCD51DA9DA86}.Release|Any CPU.ActiveCfg = Release|Any CPU
		{1FC36E68-02B0-F97A-BD07-BCD51DA9DA86}.Release|Any CPU.Build.0 = Release|Any CPU
		{7F1C0585-C2EA-C5AC-D677-B1DFA08B9245}.Debug|Any CPU.ActiveCfg = Debug|Any CPU
		{7F1C0585-C2EA-C5AC-D677-B1DFA08B9245}.Debug|Any CPU.Build.0 = Debug|Any CPU
		{7F1C0585-C2EA-C5AC-D677-B1DFA08B9245}.Release|Any CPU.ActiveCfg = Release|Any CPU
		{7F1C0585-C2EA-C5AC-D677-B1DFA08B9245}.Release|Any CPU.Build.0 = Release|Any CPU
		{960CEC7B-3579-C31D-A1E8-A9DCB0245A18}.Debug|Any CPU.ActiveCfg = Debug|Any CPU
		{960CEC7B-3579-C31D-A1E8-A9DCB0245A18}.Debug|Any CPU.Build.0 = Debug|Any CPU
		{960CEC7B-3579-C31D-A1E8-A9DCB0245A18}.Release|Any CPU.ActiveCfg = Release|Any CPU
		{960CEC7B-3579-C31D-A1E8-A9DCB0245A18}.Release|Any CPU.Build.0 = Release|Any CPU
		{C33ED3EF-7904-BF6C-FC5A-0AB08D848E4D}.Debug|Any CPU.ActiveCfg = Debug|Any CPU
		{C33ED3EF-7904-BF6C-FC5A-0AB08D848E4D}.Debug|Any CPU.Build.0 = Debug|Any CPU
		{C33ED3EF-7904-BF6C-FC5A-0AB08D848E4D}.Release|Any CPU.ActiveCfg = Release|Any CPU
		{C33ED3EF-7904-BF6C-FC5A-0AB08D848E4D}.Release|Any CPU.Build.0 = Release|Any CPU
		{1FD772A0-358A-4F8E-33D3-74169A1430C0}.Debug|Any CPU.ActiveCfg = Debug|Any CPU
		{1FD772A0-358A-4F8E-33D3-74169A1430C0}.Debug|Any CPU.Build.0 = Debug|Any CPU
		{1FD772A0-358A-4F8E-33D3-74169A1430C0}.Release|Any CPU.ActiveCfg = Release|Any CPU
		{1FD772A0-358A-4F8E-33D3-74169A1430C0}.Release|Any CPU.Build.0 = Release|Any CPU
		{5DF8996E-4C38-35F9-7296-D3FECCE0FD67}.Debug|Any CPU.ActiveCfg = Debug|Any CPU
		{5DF8996E-4C38-35F9-7296-D3FECCE0FD67}.Debug|Any CPU.Build.0 = Debug|Any CPU
		{5DF8996E-4C38-35F9-7296-D3FECCE0FD67}.Release|Any CPU.ActiveCfg = Release|Any CPU
		{5DF8996E-4C38-35F9-7296-D3FECCE0FD67}.Release|Any CPU.Build.0 = Release|Any CPU
		{42215C43-FDC9-C1A9-E516-0FF2683E6CBD}.Debug|Any CPU.ActiveCfg = Debug|Any CPU
		{42215C43-FDC9-C1A9-E516-0FF2683E6CBD}.Debug|Any CPU.Build.0 = Debug|Any CPU
		{42215C43-FDC9-C1A9-E516-0FF2683E6CBD}.Release|Any CPU.ActiveCfg = Release|Any CPU
		{42215C43-FDC9-C1A9-E516-0FF2683E6CBD}.Release|Any CPU.Build.0 = Release|Any CPU
		{C7579133-EFC9-822F-1A91-CD93F07193DF}.Debug|Any CPU.ActiveCfg = Debug|Any CPU
		{C7579133-EFC9-822F-1A91-CD93F07193DF}.Debug|Any CPU.Build.0 = Debug|Any CPU
		{C7579133-EFC9-822F-1A91-CD93F07193DF}.Release|Any CPU.ActiveCfg = Release|Any CPU
		{C7579133-EFC9-822F-1A91-CD93F07193DF}.Release|Any CPU.Build.0 = Release|Any CPU
		{E4B950C0-EB5B-41EA-EE8E-559F5D6F402D}.Debug|Any CPU.ActiveCfg = Debug|Any CPU
		{E4B950C0-EB5B-41EA-EE8E-559F5D6F402D}.Debug|Any CPU.Build.0 = Debug|Any CPU
		{E4B950C0-EB5B-41EA-EE8E-559F5D6F402D}.Release|Any CPU.ActiveCfg = Release|Any CPU
		{E4B950C0-EB5B-41EA-EE8E-559F5D6F402D}.Release|Any CPU.Build.0 = Release|Any CPU
		{E44E28C2-5D66-BB54-52D0-7AF2431DA951}.Debug|Any CPU.ActiveCfg = Debug|Any CPU
		{E44E28C2-5D66-BB54-52D0-7AF2431DA951}.Debug|Any CPU.Build.0 = Debug|Any CPU
		{E44E28C2-5D66-BB54-52D0-7AF2431DA951}.Release|Any CPU.ActiveCfg = Release|Any CPU
		{E44E28C2-5D66-BB54-52D0-7AF2431DA951}.Release|Any CPU.Build.0 = Release|Any CPU
	EndGlobalSection
	GlobalSection(SolutionProperties) = preSolution
		HideSolutionNode = FALSE
	EndGlobalSection
EndGlobal
